
Microsoft Visual Studio Solution File, Format Version 12.00
# Visual Studio 15
VisualStudioVersion = 15.0.27428.2037
MinimumVisualStudioVersion = 10.0.40219.1
Project("{FAE04EC0-301F-11D3-BF4B-00C04F79EFBC}") = "ServerSideAPI", "ServerSideAPI\ServerSideAPI.csproj", "{134646DA-5C8C-41BB-9A0D-1717A28F55D5}"
EndProject
Global
	GlobalSection(SolutionConfigurationPlatforms) = preSolution
		Debug|Any CPU = Debug|Any CPU
		Release|Any CPU = Release|Any CPU
	EndGlobalSection
	GlobalSection(ProjectConfigurationPlatforms) = postSolution
		{134646DA-5C8C-41BB-9A0D-1717A28F55D5}.Debug|Any CPU.ActiveCfg = Debug|Any CPU
		{134646DA-5C8C-41BB-9A0D-1717A28F55D5}.Debug|Any CPU.Build.0 = Debug|Any CPU
		{134646DA-5C8C-41BB-9A0D-1717A28F55D5}.Release|Any CPU.ActiveCfg = Release|Any CPU
		{134646DA-5C8C-41BB-9A0D-1717A28F55D5}.Release|Any CPU.Build.0 = Release|Any CPU
	EndGlobalSection
	GlobalSection(SolutionProperties) = preSolution
		HideSolutionNode = FALSE
	EndGlobalSection
	GlobalSection(ExtensibilityGlobals) = postSolution
		SolutionGuid = {F5DD426A-76A9-4369-9D15-3A554CD84D66}
	EndGlobalSection
EndGlobal
